
Microsoft Visual Studio Solution File, Format Version 12.00
# Visual Studio Version 17
VisualStudioVersion = 17.1.32421.90
MinimumVisualStudioVersion = 10.0.40219.1
Project("{FAE04EC0-301F-11D3-BF4B-00C04F79EFBC}") = "LineDirectionNeuralNetwork", "LineDirectionNeuralNetwork\LineDirectionNeuralNetwork.csproj", "{EB29B978-595F-4763-B3A1-7577D55FB50E}"
EndProject
Global
	GlobalSection(SolutionConfigurationPlatforms) = preSolution
		Debug|Any CPU = Debug|Any CPU
		Release|Any CPU = Release|Any CPU
	EndGlobalSection
	GlobalSection(ProjectConfigurationPlatforms) = postSolution
		{EB29B978-595F-4763-B3A1-7577D55FB50E}.Debug|Any CPU.ActiveCfg = Debug|Any CPU
		{EB29B978-595F-4763-B3A1-7577D55FB50E}.Debug|Any CPU.Build.0 = Debug|Any CPU
		{EB29B978-595F-4763-B3A1-7577D55FB50E}.Release|Any CPU.ActiveCfg = Release|Any CPU
		{EB29B978-595F-4763-B3A1-7577D55FB50E}.Release|Any CPU.Build.0 = Release|Any CPU
	EndGlobalSection
	GlobalSection(SolutionProperties) = preSolution
		HideSolutionNode = FALSE
	EndGlobalSection
	GlobalSection(ExtensibilityGlobals) = postSolution
		SolutionGuid = {56C35FD2-0C80-4728-8C62-482232922DA6}
	EndGlobalSection
EndGlobal
